// !$*UTF8*$!
{
	archiveVersion = 1;
	classes = {
	};
	objectVersion = 77;
	objects = {

/* Begin PBXContainerItemProxy section */
		5E279D3C2E0D7A7F00852B58 /* PBXContainerItemProxy */ = {
			isa = PBXContainerItemProxy;
			containerPortal = 5E279D232E0D7A7D00852B58 /* Project object */;
			proxyType = 1;
			remoteGlobalIDString = 5E279D2A2E0D7A7D00852B58;
			remoteInfo = SparkAI;
		};
		5E279D462E0D7A7F00852B58 /* PBXContainerItemProxy */ = {
			isa = PBXContainerItemProxy;
			containerPortal = 5E279D232E0D7A7D00852B58 /* Project object */;
			proxyType = 1;
			remoteGlobalIDString = 5E279D2A2E0D7A7D00852B58;
			remoteInfo = SparkAI;
		};
/* End PBXContainerItemProxy section */

/* Begin PBXFileReference section */
		5E279D2B2E0D7A7D00852B58 /* SparkAI.app */ = {isa = PBXFileReference; explicitFileType = wrapper.application; includeInIndex = 0; path = SparkAI.app; sourceTree = BUILT_PRODUCTS_DIR; };
		5E279D3B2E0D7A7F00852B58 /* SparkAITests.xctest */ = {isa = PBXFileReference; explicitFileType = wrapper.cfbundle; includeInIndex = 0; path = SparkAITests.xctest; sourceTree = BUILT_PRODUCTS_DIR; };
		5E279D452E0D7A7F00852B58 /* SparkAIUITests.xctest */ = {isa = PBXFileReference; explicitFileType = wrapper.cfbundle; includeInIndex = 0; path = SparkAIUITests.xctest; sourceTree = BUILT_PRODUCTS_DIR; };
/* End PBXFileReference section */

/* Begin PBXFileSystemSynchronizedRootGroup section */
		5E279D2D2E0D7A7D00852B58 /* SparkAI */ = {
			isa = PBXFileSystemSynchronizedRootGroup;
			path = SparkAI;
			sourceTree = "<group>";
		};
		5E279D3E2E0D7A7F00852B58 /* SparkAITests */ = {
			isa = PBXFileSystemSynchronizedRootGroup;
			path = SparkAITests;
			sourceTree = "<group>";
		};
		5E279D482E0D7A7F00852B58 /* SparkAIUITests */ = {
			isa = PBXFileSystemSynchronizedRootGroup;
			path = SparkAIUITests;
			sourceTree = "<group>";
		};
/* End PBXFileSystemSynchronizedRootGroup section */

/* Begin PBXFrameworksBuildPhase section */
		5E279D282E0D7A7D00852B58 /* Frameworks */ = {
			isa = PBXFrameworksBuildPhase;
			buildActionMask = 2147483647;
			files = (
			);
			runOnlyForDeploymentPostprocessing = 0;
		};
		5E279D382E0D7A7F00852B58 /* Frameworks */ = {
			isa = PBXFrameworksBuildPhase;
			buildActionMask = 2147483647;
			files = (
			);
			runOnlyForDeploymentPostprocessing = 0;
		};
		5E279D422E0D7A7F00852B58 /* Frameworks */ = {
			isa = PBXFrameworksBuildPhase;
			buildActionMask = 2147483647;
			files = (
			);
			runOnlyForDeploymentPostprocessing = 0;
		};
/* End PBXFrameworksBuildPhase section */

/* Begin PBXGroup section */
		5E279D222E0D7A7D00852B58 = {
			isa = PBXGroup;
			children = (
				5E279D2D2E0D7A7D00852B58 /* SparkAI */,
				5E279D3E2E0D7A7F00852B58 /* SparkAITests */,
				5E279D482E0D7A7F00852B58 /* SparkAIUITests */,
				5E279D2C2E0D7A7D00852B58 /* Products */,
			);
			sourceTree = "<group>";
		};
		5E279D2C2E0D7A7D00852B58 /* Products */ = {
			isa = PBXGroup;
			children = (
				5E279D2B2E0D7A7D00852B58 /* SparkAI.app */,
				5E279D3B2E0D7A7F00852B58 /* SparkAITests.xctest */,
				5E279D452E0D7A7F00852B58 /* SparkAIUITests.xctest */,
			);
			name = Products;
			sourceTree = "<group>";
		};
/* End PBXGroup section */

/* Begin PBXNativeTarget section */
		5E279D2A2E0D7A7D00852B58 /* SparkAI */ = {
			isa = PBXNativeTarget;
			buildConfigurationList = 5E279D4F2E0D7A7F00852B58 /* Build configuration list for PBXNativeTarget "SparkAI" */;
			buildPhases = (
				5E279D272E0D7A7D00852B58 /* Sources */,
				5E279D282E0D7A7D00852B58 /* Frameworks */,
				5E279D292E0D7A7D00852B58 /* Resources */,
			);
			buildRules = (
			);
			dependencies = (
			);
			fileSystemSynchronizedGroups = (
				5E279D2D2E0D7A7D00852B58 /* SparkAI */,
			);
			name = SparkAI;
			packageProductDependencies = (
			);
			productName = SparkAI;
			productReference = 5E279D2B2E0D7A7D00852B58 /* SparkAI.app */;
			productType = "com.apple.product-type.application";
		};
		5E279D3A2E0D7A7F00852B58 /* SparkAITests */ = {
			isa = PBXNativeTarget;
			buildConfigurationList = 5E279D522E0D7A7F00852B58 /* Build configuration list for PBXNativeTarget "SparkAITests" */;
			buildPhases = (
				5E279D372E0D7A7F00852B58 /* Sources */,
				5E279D382E0D7A7F00852B58 /* Frameworks */,
				5E279D392E0D7A7F00852B58 /* Resources */,
			);
			buildRules = (
			);
			dependencies = (
				5E279D3D2E0D7A7F00852B58 /* PBXTargetDependency */,
			);
			fileSystemSynchronizedGroups = (
				5E279D3E2E0D7A7F00852B58 /* SparkAITests */,
			);
			name = SparkAITests;
			packageProductDependencies = (
			);
			productName = SparkAITests;
			productReference = 5E279D3B2E0D7A7F00852B58 /* SparkAITests.xctest */;
			productType = "com.apple.product-type.bundle.unit-test";
		};
		5E279D442E0D7A7F00852B58 /* SparkAIUITests */ = {
			isa = PBXNativeTarget;
			buildConfigurationList = 5E279D552E0D7A7F00852B58 /* Build configuration list for PBXNativeTarget "SparkAIUITests" */;
			buildPhases = (
				5E279D412E0D7A7F00852B58 /* Sources */,
				5E279D422E0D7A7F00852B58 /* Frameworks */,
				5E279D432E0D7A7F00852B58 /* Resources */,
			);
			buildRules = (
			);
			dependencies = (
				5E279D472E0D7A7F00852B58 /* PBXTargetDependency */,
			);
			fileSystemSynchronizedGroups = (
				5E279D482E0D7A7F00852B58 /* SparkAIUITests */,
			);
			name = SparkAIUITests;
			packageProductDependencies = (
			);
			productName = SparkAIUITests;
			productReference = 5E279D452E0D7A7F00852B58 /* SparkAIUITests.xctest */;
			productType = "com.apple.product-type.bundle.ui-testing";
		};
/* End PBXNativeTarget section */

/* Begin PBXProject section */
		5E279D232E0D7A7D00852B58 /* Project object */ = {
			isa = PBXProject;
			attributes = {
				BuildIndependentTargetsInParallel = 1;
				LastSwiftUpdateCheck = 1620;
				LastUpgradeCheck = 1620;
				TargetAttributes = {
					5E279D2A2E0D7A7D00852B58 = {
						CreatedOnToolsVersion = 16.2;
					};
					5E279D3A2E0D7A7F00852B58 = {
						CreatedOnToolsVersion = 16.2;
						TestTargetID = 5E279D2A2E0D7A7D00852B58;
					};
					5E279D442E0D7A7F00852B58 = {
						CreatedOnToolsVersion = 16.2;
						TestTargetID = 5E279D2A2E0D7A7D00852B58;
					};
				};
			};
			buildConfigurationList = 5E279D262E0D7A7D00852B58 /* Build configuration list for PBXProject "SparkAI" */;
			developmentRegion = en;
			hasScannedForEncodings = 0;
			knownRegions = (
				en,
				Base,
			);
			mainGroup = 5E279D222E0D7A7D00852B58;
			minimizedProjectReferenceProxies = 1;
			preferredProjectObjectVersion = 77;
			productRefGroup = 5E279D2C2E0D7A7D00852B58 /* Products */;
			projectDirPath = "";
			projectRoot = "";
			targets = (
				5E279D2A2E0D7A7D00852B58 /* SparkAI */,
				5E279D3A2E0D7A7F00852B58 /* SparkAITests */,
				5E279D442E0D7A7F00852B58 /* SparkAIUITests */,
			);
		};
/* End PBXProject section */

/* Begin PBXResourcesBuildPhase section */
		5E279D292E0D7A7D00852B58 /* Resources */ = {
			isa = PBXResourcesBuildPhase;
			buildActionMask = 2147483647;
			files = (
			);
			runOnlyForDeploymentPostprocessing = 0;
		};
		5E279D392E0D7A7F00852B58 /* Resources */ = {
			isa = PBXResourcesBuildPhase;
			buildActionMask = 2147483647;
			files = (
			);
			runOnlyForDeploymentPostprocessing = 0;
		};
		5E279D432E0D7A7F00852B58 /* Resources */ = {
			isa = PBXResourcesBuildPhase;
			buildActionMask = 2147483647;
			files = (
			);
			runOnlyForDeploymentPostprocessing = 0;
		};
/* End PBXResourcesBuildPhase section */

/* Begin PBXSourcesBuildPhase section */
		5E279D272E0D7A7D00852B58 /* Sources */ = {
			isa = PBXSourcesBuildPhase;
			buildActionMask = 2147483647;
			files = (
			);
			runOnlyForDeploymentPostprocessing = 0;
		};
		5E279D372E0D7A7F00852B58 /* Sources */ = {
			isa = PBXSourcesBuildPhase;
			buildActionMask = 2147483647;
			files = (
			);
			runOnlyForDeploymentPostprocessing = 0;
		};
		5E279D412E0D7A7F00852B58 /* Sources */ = {
			isa = PBXSourcesBuildPhase;
			buildActionMask = 2147483647;
			files = (
			);
			runOnlyForDeploymentPostprocessing = 0;
		};
/* End PBXSourcesBuildPhase section */

/* Begin PBXTargetDependency section */
		5E279D3D2E0D7A7F00852B58 /* PBXTargetDependency */ = {
			isa = PBXTargetDependency;
			target = 5E279D2A2E0D7A7D00852B58 /* SparkAI */;
			targetProxy = 5E279D3C2E0D7A7F00852B58 /* PBXContainerItemProxy */;
		};
		5E279D472E0D7A7F00852B58 /* PBXTargetDependency */ = {
			isa = PBXTargetDependency;
			target = 5E279D2A2E0D7A7D00852B58 /* SparkAI */;
			targetProxy = 5E279D462E0D7A7F00852B58 /* PBXContainerItemProxy */;
		};
/* End PBXTargetDependency section */

/* Begin XCBuildConfiguration section */
		5E279D4D2E0D7A7F00852B58 /* Debug */ = {
			isa = XCBuildConfiguration;
			buildSettings = {
				ALWAYS_SEARCH_USER_PATHS = NO;
				ASSETCATALOG_COMPILER_GENERATE_SWIFT_ASSET_SYMBOL_EXTENSIONS = YES;
				CLANG_ANALYZER_NONNULL = YES;
				CLANG_ANALYZER_NUMBER_OBJECT_CONVERSION = YES_AGGRESSIVE;
				CLANG_CXX_LANGUAGE_STANDARD = "gnu++20";
				CLANG_ENABLE_MODULES = YES;
				CLANG_ENABLE_OBJC_ARC = YES;
				CLANG_ENABLE_OBJC_WEAK = YES;
				CLANG_WARN_BLOCK_CAPTURE_AUTORELEASING = YES;
				CLANG_WARN_BOOL_CONVERSION = YES;
				CLANG_WARN_COMMA = YES;
				CLANG_WARN_CONSTANT_CONVERSION = YES;
				CLANG_WARN_DEPRECATED_OBJC_IMPLEMENTATIONS = YES;
				CLANG_WARN_DIRECT_OBJC_ISA_USAGE = YES_ERROR;
				CLANG_WARN_DOCUMENTATION_COMMENTS = YES;
				CLANG_WARN_EMPTY_BODY = YES;
				CLANG_WARN_ENUM_CONVERSION = YES;
				CLANG_WARN_INFINITE_RECURSION = YES;
				CLANG_WARN_INT_CONVERSION = YES;
				CLANG_WARN_NON_LITERAL_NULL_CONVERSION = YES;
				CLANG_WARN_OBJC_IMPLICIT_RETAIN_SELF = YES;
				CLANG_WARN_OBJC_LITERAL_CONVERSION = YES;
				CLANG_WARN_OBJC_ROOT_CLASS = YES_ERROR;
				CLANG_WARN_QUOTED_INCLUDE_IN_FRAMEWORK_HEADER = YES;
				CLANG_WARN_RANGE_LOOP_ANALYSIS = YES;
				CLANG_WARN_STRICT_PROTOTYPES = YES;
				CLANG_WARN_SUSPICIOUS_MOVE = YES;
				CLANG_WARN_UNGUARDED_AVAILABILITY = YES_AGGRESSIVE;
				CLANG_WARN_UNREACHABLE_CODE = YES;
				CLANG_WARN__DUPLICATE_METHOD_MATCH = YES;
				COPY_PHASE_STRIP = NO;
				DEBUG_INFORMATION_FORMAT = dwarf;
				ENABLE_STRICT_OBJC_MSGSEND = YES;
				ENABLE_TESTABILITY = YES;
				ENABLE_USER_SCRIPT_SANDBOXING = YES;
				GCC_C_LANGUAGE_STANDARD = gnu17;
				GCC_DYNAMIC_NO_PIC = NO;
				GCC_NO_COMMON_BLOCKS = YES;
				GCC_OPTIMIZATION_LEVEL = 0;
				GCC_PREPROCESSOR_DEFINITIONS = (
					"DEBUG=1",
					"$(inherited)",
				);
				GCC_WARN_64_TO_32_BIT_CONVERSION = YES;
				GCC_WARN_ABOUT_RETURN_TYPE = YES_ERROR;
				GCC_WARN_UNDECLARED_SELECTOR = YES;
				GCC_WARN_UNINITIALIZED_AUTOS = YES_AGGRESSIVE;
				GCC_WARN_UNUSED_FUNCTION = YES;
				GCC_WARN_UNUSED_VARIABLE = YES;
				IPHONEOS_DEPLOYMENT_TARGET = 18.2;
				LOCALIZATION_PREFERS_STRING_CATALOGS = YES;
				MTL_ENABLE_DEBUG_INFO = INCLUDE_SOURCE;
				MTL_FAST_MATH = YES;
				ONLY_ACTIVE_ARCH = YES;
				SDKROOT = iphoneos;
				SWIFT_ACTIVE_COMPILATION_CONDITIONS = "DEBUG $(inherited)";
				SWIFT_OPTIMIZATION_LEVEL = "-Onone";
			};
			name = Debug;
		};
		5E279D4E2E0D7A7F00852B58 /* Release */ = {
			isa = XCBuildConfiguration;
			buildSettings = {
				ALWAYS_SEARCH_USER_PATHS = NO;
				ASSETCATALOG_COMPILER_GENERATE_SWIFT_ASSET_SYMBOL_EXTENSIONS = YES;
				CLANG_ANALYZER_NONNULL = YES;
				CLANG_ANALYZER_NUMBER_OBJECT_CONVERSION = YES_AGGRESSIVE;
				CLANG_CXX_LANGUAGE_STANDARD = "gnu++20";
				CLANG_ENABLE_MODULES = YES;
				CLANG_ENABLE_OBJC_ARC = YES;
				CLANG_ENABLE_OBJC_WEAK = YES;
				CLANG_WARN_BLOCK_CAPTURE_AUTORELEASING = YES;
				CLANG_WARN_BOOL_CONVERSION = YES;
				CLANG_WARN_COMMA = YES;
				CLANG_WARN_CONSTANT_CONVERSION = YES;
				CLANG_WARN_DEPRECATED_OBJC_IMPLEMENTATIONS = YES;
				CLANG_WARN_DIRECT_OBJC_ISA_USAGE = YES_ERROR;
				CLANG_WARN_DOCUMENTATION_COMMENTS = YES;
				CLANG_WARN_EMPTY_BODY = YES;
				CLANG_WARN_ENUM_CONVERSION = YES;
				CLANG_WARN_INFINITE_RECURSION = YES;
				CLANG_WARN_INT_CONVERSION = YES;
				CLANG_WARN_NON_LITERAL_NULL_CONVERSION = YES;
				CLANG_WARN_OBJC_IMPLICIT_RETAIN_SELF = YES;
				CLANG_WARN_OBJC_LITERAL_CONVERSION = YES;
				CLANG_WARN_OBJC_ROOT_CLASS = YES_ERROR;
				CLANG_WARN_QUOTED_INCLUDE_IN_FRAMEWORK_HEADER = YES;
				CLANG_WARN_RANGE_LOOP_ANALYSIS = YES;
				CLANG_WARN_STRICT_PROTOTYPES = YES;
				CLANG_WARN_SUSPICIOUS_MOVE = YES;
				CLANG_WARN_UNGUARDED_AVAILABILITY = YES_AGGRESSIVE;
				CLANG_WARN_UNREACHABLE_CODE = YES;
				CLANG_WARN__DUPLICATE_METHOD_MATCH = YES;
				COPY_PHASE_STRIP = NO;
				DEBUG_INFORMATION_FORMAT = "dwarf-with-dsym";
				ENABLE_NS_ASSERTIONS = NO;
				ENABLE_STRICT_OBJC_MSGSEND = YES;
				ENABLE_USER_SCRIPT_SANDBOXING = YES;
				GCC_C_LANGUAGE_STANDARD = gnu17;
				GCC_NO_COMMON_BLOCKS = YES;
				GCC_WARN_64_TO_32_BIT_CONVERSION = YES;
				GCC_WARN_ABOUT_RETURN_TYPE = YES_ERROR;
				GCC_WARN_UNDECLARED_SELECTOR = YES;
				GCC_WARN_UNINITIALIZED_AUTOS = YES_AGGRESSIVE;
				GCC_WARN_UNUSED_FUNCTION = YES;
				GCC_WARN_UNUSED_VARIABLE = YES;
				IPHONEOS_DEPLOYMENT_TARGET = 18.2;
				LOCALIZATION_PREFERS_STRING_CATALOGS = YES;
				MTL_ENABLE_DEBUG_INFO = NO;
				MTL_FAST_MATH = YES;
				SDKROOT = iphoneos;
				SWIFT_COMPILATION_MODE = wholemodule;
				VALIDATE_PRODUCT = YES;
			};
			name = Release;
		};
		5E279D502E0D7A7F00852B58 /* Debug */ = {
			isa = XCBuildConfiguration;
			buildSettings = {
				ASSETCATALOG_COMPILER_APPICON_NAME = AppIcon;
				ASSETCATALOG_COMPILER_GLOBAL_ACCENT_COLOR_NAME = AccentColor;
				CODE_SIGN_STYLE = Automatic;
				CURRENT_PROJECT_VERSION = 1;
				DEVELOPMENT_ASSET_PATHS = "\"SparkAI/Preview Content\"";
				ENABLE_PREVIEWS = YES;
				GENERATE_INFOPLIST_FILE = YES;
				INFOPLIST_KEY_UIApplicationSceneManifest_Generation = YES;
				INFOPLIST_KEY_UIApplicationSupportsIndirectInputEvents = YES;
				INFOPLIST_KEY_UILaunchScreen_Generation = YES;
				INFOPLIST_KEY_UISupportedInterfaceOrientations_iPad = "UIInterfaceOrientationPortrait UIInterfaceOrientationPortraitUpsideDown UIInterfaceOrientationLandscapeLeft UIInterfaceOrientationLandscapeRight";
				INFOPLIST_KEY_UISupportedInterfaceOrientations_iPhone = "UIInterfaceOrientationPortrait UIInterfaceOrientationLandscapeLeft UIInterfaceOrientationLandscapeRight";
				LD_RUNPATH_SEARCH_PATHS = (
					"$(inherited)",
					"@executable_path/Frameworks",
				);
				MARKETING_VERSION = 1.0;
				PRODUCT_BUNDLE_IDENTIFIER = miron.SparkAI;
				PRODUCT_NAME = "$(TARGET_NAME)";
				SWIFT_EMIT_LOC_STRINGS = YES;
				SWIFT_VERSION = 5.0;
				TARGETED_DEVICE_FAMILY = "1,2";
			};
			name = Debug;
		};
		5E279D512E0D7A7F00852B58 /* Release */ = {
			isa = XCBuildConfiguration;
			buildSettings = {
				ASSETCATALOG_COMPILER_APPICON_NAME = AppIcon;
				ASSETCATALOG_COMPILER_GLOBAL_ACCENT_COLOR_NAME = AccentColor;
				CODE_SIGN_STYLE = Automatic;
				CURRENT_PROJECT_VERSION = 1;
				DEVELOPMENT_ASSET_PATHS = "\"SparkAI/Preview Content\"";
				ENABLE_PREVIEWS = YES;
				GENERATE_INFOPLIST_FILE = YES;
				INFOPLIST_KEY_UIApplicationSceneManifest_Generation = YES;
				INFOPLIST_KEY_UIApplicationSupportsIndirectInputEvents = YES;
				INFOPLIST_KEY_UILaunchScreen_Generation = YES;
				INFOPLIST_KEY_UISupportedInterfaceOrientations_iPad = "UIInterfaceOrientationPortrait UIInterfaceOrientationPortraitUpsideDown UIInterfaceOrientationLandscapeLeft UIInterfaceOrientationLandscapeRight";
				INFOPLIST_KEY_UISupportedInterfaceOrientations_iPhone = "UIInterfaceOrientationPortrait UIInterfaceOrientationLandscapeLeft UIInterfaceOrientationLandscapeRight";
				LD_RUNPATH_SEARCH_PATHS = (
					"$(inherited)",
					"@executable_path/Frameworks",
				);
				MARKETING_VERSION = 1.0;
				PRODUCT_BUNDLE_IDENTIFIER = miron.SparkAI;
				PRODUCT_NAME = "$(TARGET_NAME)";
				SWIFT_EMIT_LOC_STRINGS = YES;
				SWIFT_VERSION = 5.0;
				TARGETED_DEVICE_FAMILY = "1,2";
			};
			name = Release;
		};
		5E279D532E0D7A7F00852B58 /* Debug */ = {
			isa = XCBuildConfiguration;
			buildSettings = {
				BUNDLE_LOADER = "$(TEST_HOST)";
				CODE_SIGN_STYLE = Automatic;
				CURRENT_PROJECT_VERSION = 1;
				GENERATE_INFOPLIST_FILE = YES;
				IPHONEOS_DEPLOYMENT_TARGET = 18.2;
				MARKETING_VERSION = 1.0;
				PRODUCT_BUNDLE_IDENTIFIER = miron.SparkAITests;
				PRODUCT_NAME = "$(TARGET_NAME)";
				SWIFT_EMIT_LOC_STRINGS = NO;
				SWIFT_VERSION = 5.0;
				TARGETED_DEVICE_FAMILY = "1,2";
				TEST_HOST = "$(BUILT_PRODUCTS_DIR)/SparkAI.app/$(BUNDLE_EXECUTABLE_FOLDER_PATH)/SparkAI";
			};
			name = Debug;
		};
		5E279D542E0D7A7F00852B58 /* Release */ = {
			isa = XCBuildConfiguration;
			buildSettings = {
				BUNDLE_LOADER = "$(TEST_HOST)";
				CODE_SIGN_STYLE = Automatic;
				CURRENT_PROJECT_VERSION = 1;
				GENERATE_INFOPLIST_FILE = YES;
				IPHONEOS_DEPLOYMENT_TARGET = 18.2;
				MARKETING_VERSION = 1.0;
				PRODUCT_BUNDLE_IDENTIFIER = miron.SparkAITests;
				PRODUCT_NAME = "$(TARGET_NAME)";
				SWIFT_EMIT_LOC_STRINGS = NO;
				SWIFT_VERSION = 5.0;
				TARGETED_DEVICE_FAMILY = "1,2";
				TEST_HOST = "$(BUILT_PRODUCTS_DIR)/SparkAI.app/$(BUNDLE_EXECUTABLE_FOLDER_PATH)/SparkAI";
			};
			name = Release;
		};
		5E279D562E0D7A7F00852B58 /* Debug */ = {
			isa = XCBuildConfiguration;
			buildSettings = {
				CODE_SIGN_STYLE = Automatic;
				CURRENT_PROJECT_VERSION = 1;
				GENERATE_INFOPLIST_FILE = YES;
				MARKETING_VERSION = 1.0;
				PRODUCT_BUNDLE_IDENTIFIER = miron.SparkAIUITests;
				PRODUCT_NAME = "$(TARGET_NAME)";
				SWIFT_EMIT_LOC_STRINGS = NO;
				SWIFT_VERSION = 5.0;
				TARGETED_DEVICE_FAMILY = "1,2";
				TEST_TARGET_NAME = SparkAI;
			};
			name = Debug;
		};
		5E279D572E0D7A7F00852B58 /* Release */ = {
			isa = XCBuildConfiguration;
			buildSettings = {
				CODE_SIGN_STYLE = Automatic;
				CURRENT_PROJECT_VERSION = 1;
				GENERATE_INFOPLIST_FILE = YES;
				MARKETING_VERSION = 1.0;
				PRODUCT_BUNDLE_IDENTIFIER = miron.SparkAIUITests;
				PRODUCT_NAME = "$(TARGET_NAME)";
				SWIFT_EMIT_LOC_STRINGS = NO;
				SWIFT_VERSION = 5.0;
				TARGETED_DEVICE_FAMILY = "1,2";
				TEST_TARGET_NAME = SparkAI;
			};
			name = Release;
		};
/* End XCBuildConfiguration section */

/* Begin XCConfigurationList section */
		5E279D262E0D7A7D00852B58 /* Build configuration list for PBXProject "SparkAI" */ = {
			isa = XCConfigurationList;
			buildConfigurations = (
				5E279D4D2E0D7A7F00852B58 /* Debug */,
				5E279D4E2E0D7A7F00852B58 /* Release */,
			);
			defaultConfigurationIsVisible = 0;
			defaultConfigurationName = Release;
		};
		5E279D4F2E0D7A7F00852B58 /* Build configuration list for PBXNativeTarget "SparkAI" */ = {
			isa = XCConfigurationList;
			buildConfigurations = (
				5E279D502E0D7A7F00852B58 /* Debug */,
				5E279D512E0D7A7F00852B58 /* Release */,
			);
			defaultConfigurationIsVisible = 0;
			defaultConfigurationName = Release;
		};
		5E279D522E0D7A7F00852B58 /* Build configuration list for PBXNativeTarget "SparkAITests" */ = {
			isa = XCConfigurationList;
			buildConfigurations = (
				5E279D532E0D7A7F00852B58 /* Debug */,
				5E279D542E0D7A7F00852B58 /* Release */,
			);
			defaultConfigurationIsVisible = 0;
			defaultConfigurationName = Release;
		};
		5E279D552E0D7A7F00852B58 /* Build configuration list for PBXNativeTarget "SparkAIUITests" */ = {
			isa = XCConfigurationList;
			buildConfigurations = (
				5E279D562E0D7A7F00852B58 /* Debug */,
				5E279D572E0D7A7F00852B58 /* Release */,
			);
			defaultConfigurationIsVisible = 0;
			defaultConfigurationName = Release;
		};
/* End XCConfigurationList section */
	};
	rootObject = 5E279D232E0D7A7D00852B58 /* Project object */;
}
